// !$*UTF8*$!
{
	archiveVersion = 1;
	classes = {
	};
	objectVersion = 55;
	objects = {

/* Begin PBXBuildFile section */
		1A18D0312A6633A30027B8CC /* GoogleService-Info.plist in Resources */ = {isa = PBXBuildFile; fileRef = 1A18D0302A6633A30027B8CC /* GoogleService-Info.plist */; };
		1A3599722A68C9CC00AD0451 /* FirebaseAuth in Frameworks */ = {isa = PBXBuildFile; productRef = 1A3599712A68C9CC00AD0451 /* FirebaseAuth */; };
		1A3599742A68C9CC00AD0451 /* FirebaseAuthCombine-Community in Frameworks */ = {isa = PBXBuildFile; productRef = 1A3599732A68C9CC00AD0451 /* FirebaseAuthCombine-Community */; };
		1A3599752A68CB4900AD0451 /* AuthViewModel.swift in Sources */ = {isa = PBXBuildFile; fileRef = 1ADDB1D62A68A761009355BF /* AuthViewModel.swift */; };
		1A3599772A68CC7300AD0451 /* LookApp.swift in Sources */ = {isa = PBXBuildFile; fileRef = 1A3599762A68CC7300AD0451 /* LookApp.swift */; };
		1A3599782A68CC9300AD0451 /* ContentView.swift in Sources */ = {isa = PBXBuildFile; fileRef = 1AD87DDA2A5C9F7F00E730A3 /* ContentView.swift */; };
		1A3599792A68CCAD00AD0451 /* ProfileView.swift in Sources */ = {isa = PBXBuildFile; fileRef = 1ADDB1C32A689C2C009355BF /* ProfileView.swift */; };
		1A35997C2A68CD3C00AD0451 /* FirebaseAnalytics in Frameworks */ = {isa = PBXBuildFile; productRef = 1A35997B2A68CD3C00AD0451 /* FirebaseAnalytics */; };
		1A35997E2A68CD3C00AD0451 /* FirebaseDatabase in Frameworks */ = {isa = PBXBuildFile; productRef = 1A35997D2A68CD3C00AD0451 /* FirebaseDatabase */; };
		1A3599802A68CD3C00AD0451 /* FirebaseFirestore in Frameworks */ = {isa = PBXBuildFile; productRef = 1A35997F2A68CD3C00AD0451 /* FirebaseFirestore */; };
		1A3599822A68CD3C00AD0451 /* FirebaseFirestoreSwift in Frameworks */ = {isa = PBXBuildFile; productRef = 1A3599812A68CD3C00AD0451 /* FirebaseFirestoreSwift */; };
		1A3599842A68CD3C00AD0451 /* FirebaseStorage in Frameworks */ = {isa = PBXBuildFile; productRef = 1A3599832A68CD3C00AD0451 /* FirebaseStorage */; };
		1A3599872A68F0F800AD0451 /* FirebaseFirestoreSwift in Frameworks */ = {isa = PBXBuildFile; productRef = 1A3599862A68F0F800AD0451 /* FirebaseFirestoreSwift */; };
		1A35998A2A68F27000AD0451 /* FirebaseFirestore in Frameworks */ = {isa = PBXBuildFile; productRef = 1A3599892A68F27000AD0451 /* FirebaseFirestore */; };
		1A35998C2A68F27000AD0451 /* FirebaseFirestoreCombine-Community in Frameworks */ = {isa = PBXBuildFile; productRef = 1A35998B2A68F27000AD0451 /* FirebaseFirestoreCombine-Community */; };
		1A35998E2A68F27000AD0451 /* FirebaseFirestoreSwift in Frameworks */ = {isa = PBXBuildFile; productRef = 1A35998D2A68F27000AD0451 /* FirebaseFirestoreSwift */; };
		1AD87DDD2A5C9F8400E730A3 /* Assets.xcassets in Resources */ = {isa = PBXBuildFile; fileRef = 1AD87DDC2A5C9F8400E730A3 /* Assets.xcassets */; };
		1AD87DE02A5C9F8400E730A3 /* Preview Assets.xcassets in Resources */ = {isa = PBXBuildFile; fileRef = 1AD87DDF2A5C9F8400E730A3 /* Preview Assets.xcassets */; };
		1AD87E072A5CAB2800E730A3 /* signup.swift in Sources */ = {isa = PBXBuildFile; fileRef = 1AD87E062A5CAB2800E730A3 /* signup.swift */; };
		1ADDB1BD2A6888D0009355BF /* NavigationStack in Frameworks */ = {isa = PBXBuildFile; productRef = 1ADDB1BC2A6888D0009355BF /* NavigationStack */; };
		1ADDB1BF2A6889A6009355BF /* InputView.swift in Sources */ = {isa = PBXBuildFile; fileRef = 1ADDB1BE2A6889A6009355BF /* InputView.swift */; };
		1ADDB1C22A689481009355BF /* RegistrationView.swift in Sources */ = {isa = PBXBuildFile; fileRef = 1ADDB1C12A689481009355BF /* RegistrationView.swift */; };
		1ADDB1C62A689E78009355BF /* SettingRowView.swift in Sources */ = {isa = PBXBuildFile; fileRef = 1ADDB1C52A689E78009355BF /* SettingRowView.swift */; };
		1ADDB1C82A68A1D1009355BF /* User.swift in Sources */ = {isa = PBXBuildFile; fileRef = 1ADDB1C72A68A1D1009355BF /* User.swift */; };
		1ADDB1DA2A68B0A9009355BF /* LoginView.swift in Sources */ = {isa = PBXBuildFile; fileRef = 1ADDB1B92A6886C4009355BF /* LoginView.swift */; };
/* End PBXBuildFile section */

/* Begin PBXFileReference section */
		1A18D0302A6633A30027B8CC /* GoogleService-Info.plist */ = {isa = PBXFileReference; fileEncoding = 4; lastKnownFileType = text.plist.xml; name = "GoogleService-Info.plist"; path = "../../../../.Trash/GoogleService-Info.plist"; sourceTree = "<group>"; };
		1A35996F2A68C95A00AD0451 /* Look.app */ = {isa = PBXFileReference; explicitFileType = wrapper.application; includeInIndex = 0; path = Look.app; sourceTree = BUILT_PRODUCTS_DIR; };
		1A3599762A68CC7300AD0451 /* LookApp.swift */ = {isa = PBXFileReference; lastKnownFileType = sourcecode.swift; path = LookApp.swift; sourceTree = "<group>"; };
		1AD87DDA2A5C9F7F00E730A3 /* ContentView.swift */ = {isa = PBXFileReference; lastKnownFileType = sourcecode.swift; path = ContentView.swift; sourceTree = "<group>"; };
		1AD87DDC2A5C9F8400E730A3 /* Assets.xcassets */ = {isa = PBXFileReference; lastKnownFileType = folder.assetcatalog; path = Assets.xcassets; sourceTree = "<group>"; };
		1AD87DDF2A5C9F8400E730A3 /* Preview Assets.xcassets */ = {isa = PBXFileReference; lastKnownFileType = folder.assetcatalog; path = "Preview Assets.xcassets"; sourceTree = "<group>"; };
		1AD87E062A5CAB2800E730A3 /* signup.swift */ = {isa = PBXFileReference; lastKnownFileType = sourcecode.swift; path = signup.swift; sourceTree = "<group>"; };
		1ADDB1B92A6886C4009355BF /* LoginView.swift */ = {isa = PBXFileReference; lastKnownFileType = sourcecode.swift; path = LoginView.swift; sourceTree = "<group>"; };
		1ADDB1BE2A6889A6009355BF /* InputView.swift */ = {isa = PBXFileReference; lastKnownFileType = sourcecode.swift; path = InputView.swift; sourceTree = "<group>"; };
		1ADDB1C12A689481009355BF /* RegistrationView.swift */ = {isa = PBXFileReference; lastKnownFileType = sourcecode.swift; path = RegistrationView.swift; sourceTree = "<group>"; };
		1ADDB1C32A689C2C009355BF /* ProfileView.swift */ = {isa = PBXFileReference; lastKnownFileType = sourcecode.swift; path = ProfileView.swift; sourceTree = "<group>"; };
		1ADDB1C52A689E78009355BF /* SettingRowView.swift */ = {isa = PBXFileReference; lastKnownFileType = sourcecode.swift; path = SettingRowView.swift; sourceTree = "<group>"; };
		1ADDB1C72A68A1D1009355BF /* User.swift */ = {isa = PBXFileReference; lastKnownFileType = sourcecode.swift; path = User.swift; sourceTree = "<group>"; };
		1ADDB1D62A68A761009355BF /* AuthViewModel.swift */ = {isa = PBXFileReference; lastKnownFileType = sourcecode.swift; path = AuthViewModel.swift; sourceTree = "<group>"; };
/* End PBXFileReference section */

/* Begin PBXFrameworksBuildPhase section */
		1AD87DD22A5C9F7F00E730A3 /* Frameworks */ = {
			isa = PBXFrameworksBuildPhase;
			buildActionMask = 2147483647;
			files = (
				1A35997E2A68CD3C00AD0451 /* FirebaseDatabase in Frameworks */,
				1ADDB1BD2A6888D0009355BF /* NavigationStack in Frameworks */,
				1A3599742A68C9CC00AD0451 /* FirebaseAuthCombine-Community in Frameworks */,
				1A35998A2A68F27000AD0451 /* FirebaseFirestore in Frameworks */,
				1A3599822A68CD3C00AD0451 /* FirebaseFirestoreSwift in Frameworks */,
				1A35998C2A68F27000AD0451 /* FirebaseFirestoreCombine-Community in Frameworks */,
				1A35997C2A68CD3C00AD0451 /* FirebaseAnalytics in Frameworks */,
				1A3599842A68CD3C00AD0451 /* FirebaseStorage in Frameworks */,
				1A3599722A68C9CC00AD0451 /* FirebaseAuth in Frameworks */,
				1A3599802A68CD3C00AD0451 /* FirebaseFirestore in Frameworks */,
				1A3599872A68F0F800AD0451 /* FirebaseFirestoreSwift in Frameworks */,
				1A35998E2A68F27000AD0451 /* FirebaseFirestoreSwift in Frameworks */,
			);
			runOnlyForDeploymentPostprocessing = 0;
		};
/* End PBXFrameworksBuildPhase section */

/* Begin PBXGroup section */
		1AD87DCC2A5C9F7F00E730A3 = {
			isa = PBXGroup;
			children = (
				1AD87DD72A5C9F7F00E730A3 /* Look */,
				1A35996F2A68C95A00AD0451 /* Look.app */,
			);
			sourceTree = "<group>";
		};
		1AD87DD72A5C9F7F00E730A3 /* Look */ = {
			isa = PBXGroup;
			children = (
				1ADDB1B32A68852B009355BF /* App */,
				1ADDB1B22A68851C009355BF /* Components */,
				1ADDB1B42A688535009355BF /* Core */,
				1ADDB1B52A68853C009355BF /* Model */,
				1A18D0302A6633A30027B8CC /* GoogleService-Info.plist */,
				1AD87E062A5CAB2800E730A3 /* signup.swift */,
				1AD87DDC2A5C9F8400E730A3 /* Assets.xcassets */,
				1AD87DDE2A5C9F8400E730A3 /* Preview Content */,
			);
			path = Look;
			sourceTree = "<group>";
		};
		1AD87DDE2A5C9F8400E730A3 /* Preview Content */ = {
			isa = PBXGroup;
			children = (
				1AD87DDF2A5C9F8400E730A3 /* Preview Assets.xcassets */,
			);
			path = "Preview Content";
			sourceTree = "<group>";
		};
		1ADDB1B22A68851C009355BF /* Components */ = {
			isa = PBXGroup;
			children = (
				1ADDB1BE2A6889A6009355BF /* InputView.swift */,
				1ADDB1C52A689E78009355BF /* SettingRowView.swift */,
			);
			path = Components;
			sourceTree = "<group>";
		};
		1ADDB1B32A68852B009355BF /* App */ = {
			isa = PBXGroup;
			children = (
				1A3599762A68CC7300AD0451 /* LookApp.swift */,
			);
			path = App;
			sourceTree = "<group>";
		};
		1ADDB1B42A688535009355BF /* Core */ = {
			isa = PBXGroup;
			children = (
				1ADDB1B72A688612009355BF /* Authentication */,
				1ADDB1B82A688619009355BF /* Profile */,
				1ADDB1B62A6885E7009355BF /* Root */,
			);
			path = Core;
			sourceTree = "<group>";
		};
		1ADDB1B52A68853C009355BF /* Model */ = {
			isa = PBXGroup;
			children = (
				1ADDB1C72A68A1D1009355BF /* User.swift */,
			);
			path = Model;
			sourceTree = "<group>";
		};
		1ADDB1B62A6885E7009355BF /* Root */ = {
			isa = PBXGroup;
			children = (
				1AD87DDA2A5C9F7F00E730A3 /* ContentView.swift */,
			);
			path = Root;
			sourceTree = "<group>";
		};
		1ADDB1B72A688612009355BF /* Authentication */ = {
			isa = PBXGroup;
			children = (
				1ADDB1D22A68A703009355BF /* View */,
				1ADDB1D32A68A70C009355BF /* ViewModel */,
			);
			path = Authentication;
			sourceTree = "<group>";
		};
		1ADDB1B82A688619009355BF /* Profile */ = {
			isa = PBXGroup;
			children = (
				1ADDB1C32A689C2C009355BF /* ProfileView.swift */,
			);
			path = Profile;
			sourceTree = "<group>";
		};
		1ADDB1D22A68A703009355BF /* View */ = {
			isa = PBXGroup;
			children = (
				1ADDB1B92A6886C4009355BF /* LoginView.swift */,
				1ADDB1C12A689481009355BF /* RegistrationView.swift */,
			);
			path = View;
			sourceTree = "<group>";
		};
		1ADDB1D32A68A70C009355BF /* ViewModel */ = {
			isa = PBXGroup;
			children = (
				1ADDB1D62A68A761009355BF /* AuthViewModel.swift */,
			);
			path = ViewModel;
			sourceTree = "<group>";
		};
/* End PBXGroup section */

/* Begin PBXNativeTarget section */
		1AD87DD42A5C9F7F00E730A3 /* Look */ = {
			isa = PBXNativeTarget;
			buildConfigurationList = 1AD87DF92A5C9F8400E730A3 /* Build configuration list for PBXNativeTarget "Look" */;
			buildPhases = (
				1AD87DD12A5C9F7F00E730A3 /* Sources */,
				1AD87DD22A5C9F7F00E730A3 /* Frameworks */,
				1AD87DD32A5C9F7F00E730A3 /* Resources */,
			);
			buildRules = (
			);
			dependencies = (
			);
			name = Look;
			packageProductDependencies = (
				1ADDB1BC2A6888D0009355BF /* NavigationStack */,
				1A3599712A68C9CC00AD0451 /* FirebaseAuth */,
				1A3599732A68C9CC00AD0451 /* FirebaseAuthCombine-Community */,
				1A35997B2A68CD3C00AD0451 /* FirebaseAnalytics */,
				1A35997D2A68CD3C00AD0451 /* FirebaseDatabase */,
				1A35997F2A68CD3C00AD0451 /* FirebaseFirestore */,
				1A3599812A68CD3C00AD0451 /* FirebaseFirestoreSwift */,
				1A3599832A68CD3C00AD0451 /* FirebaseStorage */,
				1A3599862A68F0F800AD0451 /* FirebaseFirestoreSwift */,
				1A3599892A68F27000AD0451 /* FirebaseFirestore */,
				1A35998B2A68F27000AD0451 /* FirebaseFirestoreCombine-Community */,
				1A35998D2A68F27000AD0451 /* FirebaseFirestoreSwift */,
			);
			productName = Look;
			productReference = 1A35996F2A68C95A00AD0451 /* Look.app */;
			productType = "com.apple.product-type.application";
		};
/* End PBXNativeTarget section */

/* Begin PBXProject section */
		1AD87DCD2A5C9F7F00E730A3 /* Project object */ = {
			isa = PBXProject;
			attributes = {
				BuildIndependentTargetsInParallel = 1;
				LastSwiftUpdateCheck = 1340;
				LastUpgradeCheck = 1340;
				TargetAttributes = {
					1AD87DD42A5C9F7F00E730A3 = {
						CreatedOnToolsVersion = 13.4;
					};
				};
			};
			buildConfigurationList = 1AD87DD02A5C9F7F00E730A3 /* Build configuration list for PBXProject "Look" */;
			compatibilityVersion = "Xcode 13.0";
			developmentRegion = en;
			hasScannedForEncodings = 0;
			knownRegions = (
				en,
				Base,
			);
			mainGroup = 1AD87DCC2A5C9F7F00E730A3;
			packageReferences = (
				1ADDB1BB2A6888D0009355BF /* XCRemoteSwiftPackageReference "swiftui-navigation-stack" */,
				1A3599702A68C9CC00AD0451 /* XCRemoteSwiftPackageReference "firebase-ios-sdk" */,
				1A35997A2A68CD3C00AD0451 /* XCRemoteSwiftPackageReference "firebase-ios-sdk" */,
				1A3599852A68F0F800AD0451 /* XCRemoteSwiftPackageReference "firebase-ios-sdk" */,
				1A3599882A68F27000AD0451 /* XCRemoteSwiftPackageReference "firebase-ios-sdk" */,
			);
			productRefGroup = 1AD87DCC2A5C9F7F00E730A3;
			projectDirPath = "";
			projectRoot = "";
			targets = (
				1AD87DD42A5C9F7F00E730A3 /* Look */,
			);
		};
/* End PBXProject section */

/* Begin PBXResourcesBuildPhase section */
		1AD87DD32A5C9F7F00E730A3 /* Resources */ = {
			isa = PBXResourcesBuildPhase;
			buildActionMask = 2147483647;
			files = (
				1AD87DE02A5C9F8400E730A3 /* Preview Assets.xcassets in Resources */,
				1AD87DDD2A5C9F8400E730A3 /* Assets.xcassets in Resources */,
				1A18D0312A6633A30027B8CC /* GoogleService-Info.plist in Resources */,
			);
			runOnlyForDeploymentPostprocessing = 0;
		};
/* End PBXResourcesBuildPhase section */

/* Begin PBXSourcesBuildPhase section */
		1AD87DD12A5C9F7F00E730A3 /* Sources */ = {
			isa = PBXSourcesBuildPhase;
			buildActionMask = 2147483647;
			files = (
				1ADDB1BF2A6889A6009355BF /* InputView.swift in Sources */,
				1ADDB1C62A689E78009355BF /* SettingRowView.swift in Sources */,
				1A3599792A68CCAD00AD0451 /* ProfileView.swift in Sources */,
				1AD87E072A5CAB2800E730A3 /* signup.swift in Sources */,
				1ADDB1C82A68A1D1009355BF /* User.swift in Sources */,
				1A3599752A68CB4900AD0451 /* AuthViewModel.swift in Sources */,
				1A3599782A68CC9300AD0451 /* ContentView.swift in Sources */,
				1ADDB1C22A689481009355BF /* RegistrationView.swift in Sources */,
				1A3599772A68CC7300AD0451 /* LookApp.swift in Sources */,
				1ADDB1DA2A68B0A9009355BF /* LoginView.swift in Sources */,
			);
			runOnlyForDeploymentPostprocessing = 0;
		};
/* End PBXSourcesBuildPhase section */

/* Begin XCBuildConfiguration section */
		1AD87DF72A5C9F8400E730A3 /* Debug */ = {
			isa = XCBuildConfiguration;
			buildSettings = {
				ALWAYS_SEARCH_USER_PATHS = NO;
				CLANG_ANALYZER_NONNULL = YES;
				CLANG_ANALYZER_NUMBER_OBJECT_CONVERSION = YES_AGGRESSIVE;
				CLANG_CXX_LANGUAGE_STANDARD = "gnu++17";
				CLANG_ENABLE_MODULES = YES;
				CLANG_ENABLE_OBJC_ARC = YES;
				CLANG_ENABLE_OBJC_WEAK = YES;
				CLANG_WARN_BLOCK_CAPTURE_AUTORELEASING = YES;
				CLANG_WARN_BOOL_CONVERSION = YES;
				CLANG_WARN_COMMA = YES;
				CLANG_WARN_CONSTANT_CONVERSION = YES;
				CLANG_WARN_DEPRECATED_OBJC_IMPLEMENTATIONS = YES;
				CLANG_WARN_DIRECT_OBJC_ISA_USAGE = YES_ERROR;
				CLANG_WARN_DOCUMENTATION_COMMENTS = YES;
				CLANG_WARN_EMPTY_BODY = YES;
				CLANG_WARN_ENUM_CONVERSION = YES;
				CLANG_WARN_INFINITE_RECURSION = YES;
				CLANG_WARN_INT_CONVERSION = YES;
				CLANG_WARN_NON_LITERAL_NULL_CONVERSION = YES;
				CLANG_WARN_OBJC_IMPLICIT_RETAIN_SELF = YES;
				CLANG_WARN_OBJC_LITERAL_CONVERSION = YES;
				CLANG_WARN_OBJC_ROOT_CLASS = YES_ERROR;
				CLANG_WARN_QUOTED_INCLUDE_IN_FRAMEWORK_HEADER = YES;
				CLANG_WARN_RANGE_LOOP_ANALYSIS = YES;
				CLANG_WARN_STRICT_PROTOTYPES = YES;
				CLANG_WARN_SUSPICIOUS_MOVE = YES;
				CLANG_WARN_UNGUARDED_AVAILABILITY = YES_AGGRESSIVE;
				CLANG_WARN_UNREACHABLE_CODE = YES;
				CLANG_WARN__DUPLICATE_METHOD_MATCH = YES;
				COPY_PHASE_STRIP = NO;
				DEBUG_INFORMATION_FORMAT = dwarf;
				ENABLE_STRICT_OBJC_MSGSEND = YES;
				ENABLE_TESTABILITY = YES;
				GCC_C_LANGUAGE_STANDARD = gnu11;
				GCC_DYNAMIC_NO_PIC = NO;
				GCC_NO_COMMON_BLOCKS = YES;
				GCC_OPTIMIZATION_LEVEL = 0;
				GCC_PREPROCESSOR_DEFINITIONS = (
					"DEBUG=1",
					"$(inherited)",
				);
				GCC_WARN_64_TO_32_BIT_CONVERSION = YES;
				GCC_WARN_ABOUT_RETURN_TYPE = YES_ERROR;
				GCC_WARN_UNDECLARED_SELECTOR = YES;
				GCC_WARN_UNINITIALIZED_AUTOS = YES_AGGRESSIVE;
				GCC_WARN_UNUSED_FUNCTION = YES;
				GCC_WARN_UNUSED_VARIABLE = YES;
				IPHONEOS_DEPLOYMENT_TARGET = 15.5;
				MTL_ENABLE_DEBUG_INFO = INCLUDE_SOURCE;
				MTL_FAST_MATH = YES;
				ONLY_ACTIVE_ARCH = YES;
				SDKROOT = iphoneos;
				SWIFT_ACTIVE_COMPILATION_CONDITIONS = DEBUG;
				SWIFT_OPTIMIZATION_LEVEL = "-Onone";
			};
			name = Debug;
		};
		1AD87DF82A5C9F8400E730A3 /* Release */ = {
			isa = XCBuildConfiguration;
			buildSettings = {
				ALWAYS_SEARCH_USER_PATHS = NO;
				CLANG_ANALYZER_NONNULL = YES;
				CLANG_ANALYZER_NUMBER_OBJECT_CONVERSION = YES_AGGRESSIVE;
				CLANG_CXX_LANGUAGE_STANDARD = "gnu++17";
				CLANG_ENABLE_MODULES = YES;
				CLANG_ENABLE_OBJC_ARC = YES;
				CLANG_ENABLE_OBJC_WEAK = YES;
				CLANG_WARN_BLOCK_CAPTURE_AUTORELEASING = YES;
				CLANG_WARN_BOOL_CONVERSION = YES;
				CLANG_WARN_COMMA = YES;
				CLANG_WARN_CONSTANT_CONVERSION = YES;
				CLANG_WARN_DEPRECATED_OBJC_IMPLEMENTATIONS = YES;
				CLANG_WARN_DIRECT_OBJC_ISA_USAGE = YES_ERROR;
				CLANG_WARN_DOCUMENTATION_COMMENTS = YES;
				CLANG_WARN_EMPTY_BODY = YES;
				CLANG_WARN_ENUM_CONVERSION = YES;
				CLANG_WARN_INFINITE_RECURSION = YES;
				CLANG_WARN_INT_CONVERSION = YES;
				CLANG_WARN_NON_LITERAL_NULL_CONVERSION = YES;
				CLANG_WARN_OBJC_IMPLICIT_RETAIN_SELF = YES;
				CLANG_WARN_OBJC_LITERAL_CONVERSION = YES;
				CLANG_WARN_OBJC_ROOT_CLASS = YES_ERROR;
				CLANG_WARN_QUOTED_INCLUDE_IN_FRAMEWORK_HEADER = YES;
				CLANG_WARN_RANGE_LOOP_ANALYSIS = YES;
				CLANG_WARN_STRICT_PROTOTYPES = YES;
				CLANG_WARN_SUSPICIOUS_MOVE = YES;
				CLANG_WARN_UNGUARDED_AVAILABILITY = YES_AGGRESSIVE;
				CLANG_WARN_UNREACHABLE_CODE = YES;
				CLANG_WARN__DUPLICATE_METHOD_MATCH = YES;
				COPY_PHASE_STRIP = NO;
				DEBUG_INFORMATION_FORMAT = "dwarf-with-dsym";
				ENABLE_NS_ASSERTIONS = NO;
				ENABLE_STRICT_OBJC_MSGSEND = YES;
				GCC_C_LANGUAGE_STANDARD = gnu11;
				GCC_NO_COMMON_BLOCKS = YES;
				GCC_WARN_64_TO_32_BIT_CONVERSION = YES;
				GCC_WARN_ABOUT_RETURN_TYPE = YES_ERROR;
				GCC_WARN_UNDECLARED_SELECTOR = YES;
				GCC_WARN_UNINITIALIZED_AUTOS = YES_AGGRESSIVE;
				GCC_WARN_UNUSED_FUNCTION = YES;
				GCC_WARN_UNUSED_VARIABLE = YES;
				IPHONEOS_DEPLOYMENT_TARGET = 15.5;
				MTL_ENABLE_DEBUG_INFO = NO;
				MTL_FAST_MATH = YES;
				SDKROOT = iphoneos;
				SWIFT_COMPILATION_MODE = wholemodule;
				SWIFT_OPTIMIZATION_LEVEL = "-O";
				VALIDATE_PRODUCT = YES;
			};
			name = Release;
		};
		1AD87DFA2A5C9F8400E730A3 /* Debug */ = {
			isa = XCBuildConfiguration;
			buildSettings = {
				ASSETCATALOG_COMPILER_APPICON_NAME = AppIcon;
				ASSETCATALOG_COMPILER_GLOBAL_ACCENT_COLOR_NAME = AccentColor;
				CODE_SIGN_STYLE = Automatic;
				CURRENT_PROJECT_VERSION = 1;
				DEVELOPMENT_ASSET_PATHS = "\"Look/Preview Content\"";
				ENABLE_PREVIEWS = YES;
				GENERATE_INFOPLIST_FILE = YES;
				INFOPLIST_KEY_UIApplicationSceneManifest_Generation = YES;
				INFOPLIST_KEY_UIApplicationSupportsIndirectInputEvents = YES;
				INFOPLIST_KEY_UILaunchScreen_Generation = YES;
				INFOPLIST_KEY_UISupportedInterfaceOrientations_iPad = "UIInterfaceOrientationPortrait UIInterfaceOrientationPortraitUpsideDown UIInterfaceOrientationLandscapeLeft UIInterfaceOrientationLandscapeRight";
				INFOPLIST_KEY_UISupportedInterfaceOrientations_iPhone = "UIInterfaceOrientationPortrait UIInterfaceOrientationLandscapeLeft UIInterfaceOrientationLandscapeRight";
				LD_RUNPATH_SEARCH_PATHS = (
					"$(inherited)",
					"@executable_path/Frameworks",
				);
				MARKETING_VERSION = 1.0;
				PRODUCT_BUNDLE_IDENTIFIER = Shriya.Look;
				PRODUCT_NAME = "$(TARGET_NAME)";
				SWIFT_EMIT_LOC_STRINGS = YES;
				SWIFT_VERSION = 5.0;
				TARGETED_DEVICE_FAMILY = "1,2";
			};
			name = Debug;
		};
		1AD87DFB2A5C9F8400E730A3 /* Release */ = {
			isa = XCBuildConfiguration;
			buildSettings = {
				ASSETCATALOG_COMPILER_APPICON_NAME = AppIcon;
				ASSETCATALOG_COMPILER_GLOBAL_ACCENT_COLOR_NAME = AccentColor;
				CODE_SIGN_STYLE = Automatic;
				CURRENT_PROJECT_VERSION = 1;
				DEVELOPMENT_ASSET_PATHS = "\"Look/Preview Content\"";
				ENABLE_PREVIEWS = YES;
				GENERATE_INFOPLIST_FILE = YES;
				INFOPLIST_KEY_UIApplicationSceneManifest_Generation = YES;
				INFOPLIST_KEY_UIApplicationSupportsIndirectInputEvents = YES;
				INFOPLIST_KEY_UILaunchScreen_Generation = YES;
				INFOPLIST_KEY_UISupportedInterfaceOrientations_iPad = "UIInterfaceOrientationPortrait UIInterfaceOrientationPortraitUpsideDown UIInterfaceOrientationLandscapeLeft UIInterfaceOrientationLandscapeRight";
				INFOPLIST_KEY_UISupportedInterfaceOrientations_iPhone = "UIInterfaceOrientationPortrait UIInterfaceOrientationLandscapeLeft UIInterfaceOrientationLandscapeRight";
				LD_RUNPATH_SEARCH_PATHS = (
					"$(inherited)",
					"@executable_path/Frameworks",
				);
				MARKETING_VERSION = 1.0;
				PRODUCT_BUNDLE_IDENTIFIER = Shriya.Look;
				PRODUCT_NAME = "$(TARGET_NAME)";
				SWIFT_EMIT_LOC_STRINGS = YES;
				SWIFT_VERSION = 5.0;
				TARGETED_DEVICE_FAMILY = "1,2";
			};
			name = Release;
		};
/* End XCBuildConfiguration section */

/* Begin XCConfigurationList section */
		1AD87DD02A5C9F7F00E730A3 /* Build configuration list for PBXProject "Look" */ = {
			isa = XCConfigurationList;
			buildConfigurations = (
				1AD87DF72A5C9F8400E730A3 /* Debug */,
				1AD87DF82A5C9F8400E730A3 /* Release */,
			);
			defaultConfigurationIsVisible = 0;
			defaultConfigurationName = Release;
		};
		1AD87DF92A5C9F8400E730A3 /* Build configuration list for PBXNativeTarget "Look" */ = {
			isa = XCConfigurationList;
			buildConfigurations = (
				1AD87DFA2A5C9F8400E730A3 /* Debug */,
				1AD87DFB2A5C9F8400E730A3 /* Release */,
			);
			defaultConfigurationIsVisible = 0;
			defaultConfigurationName = Release;
		};
/* End XCConfigurationList section */

/* Begin XCRemoteSwiftPackageReference section */
		1A3599702A68C9CC00AD0451 /* XCRemoteSwiftPackageReference "firebase-ios-sdk" */ = {
			isa = XCRemoteSwiftPackageReference;
			repositoryURL = "https://github.com/firebase/firebase-ios-sdk";
			requirement = {
				branch = master;
				kind = branch;
			};
		};
		1A35997A2A68CD3C00AD0451 /* XCRemoteSwiftPackageReference "firebase-ios-sdk" */ = {
			isa = XCRemoteSwiftPackageReference;
			repositoryURL = "https://github.com/firebase/firebase-ios-sdk";
			requirement = {
				kind = upToNextMajorVersion;
				minimumVersion = 9.0.0;
			};
		};
		1A3599852A68F0F800AD0451 /* XCRemoteSwiftPackageReference "firebase-ios-sdk" */ = {
			isa = XCRemoteSwiftPackageReference;
			repositoryURL = "https://github.com/firebase/firebase-ios-sdk";
			requirement = {
				kind = upToNextMajorVersion;
				minimumVersion = 9.0.0;
			};
		};
		1A3599882A68F27000AD0451 /* XCRemoteSwiftPackageReference "firebase-ios-sdk" */ = {
			isa = XCRemoteSwiftPackageReference;
			repositoryURL = "https://github.com/firebase/firebase-ios-sdk";
			requirement = {
				kind = upToNextMajorVersion;
				minimumVersion = 9.0.0;
			};
		};
		1ADDB1BB2A6888D0009355BF /* XCRemoteSwiftPackageReference "swiftui-navigation-stack" */ = {
			isa = XCRemoteSwiftPackageReference;
			repositoryURL = "https://github.com/matteopuc/swiftui-navigation-stack";
			requirement = {
				kind = upToNextMajorVersion;
				minimumVersion = 1.0.0;
			};
		};
/* End XCRemoteSwiftPackageReference section */

/* Begin XCSwiftPackageProductDependency section */
		1A3599712A68C9CC00AD0451 /* FirebaseAuth */ = {
			isa = XCSwiftPackageProductDependency;
			package = 1A3599702A68C9CC00AD0451 /* XCRemoteSwiftPackageReference "firebase-ios-sdk" */;
			productName = FirebaseAuth;
		};
		1A3599732A68C9CC00AD0451 /* FirebaseAuthCombine-Community */ = {
			isa = XCSwiftPackageProductDependency;
			package = 1A3599702A68C9CC00AD0451 /* XCRemoteSwiftPackageReference "firebase-ios-sdk" */;
			productName = "FirebaseAuthCombine-Community";
		};
		1A35997B2A68CD3C00AD0451 /* FirebaseAnalytics */ = {
			isa = XCSwiftPackageProductDependency;
			package = 1A35997A2A68CD3C00AD0451 /* XCRemoteSwiftPackageReference "firebase-ios-sdk" */;
			productName = FirebaseAnalytics;
		};
		1A35997D2A68CD3C00AD0451 /* FirebaseDatabase */ = {
			isa = XCSwiftPackageProductDependency;
			package = 1A35997A2A68CD3C00AD0451 /* XCRemoteSwiftPackageReference "firebase-ios-sdk" */;
			productName = FirebaseDatabase;
		};
		1A35997F2A68CD3C00AD0451 /* FirebaseFirestore */ = {
			isa = XCSwiftPackageProductDependency;
			package = 1A35997A2A68CD3C00AD0451 /* XCRemoteSwiftPackageReference "firebase-ios-sdk" */;
			productName = FirebaseFirestore;
		};
		1A3599812A68CD3C00AD0451 /* FirebaseFirestoreSwift */ = {
			isa = XCSwiftPackageProductDependency;
			package = 1A35997A2A68CD3C00AD0451 /* XCRemoteSwiftPackageReference "firebase-ios-sdk" */;
			productName = FirebaseFirestoreSwift;
		};
		1A3599832A68CD3C00AD0451 /* FirebaseStorage */ = {
			isa = XCSwiftPackageProductDependency;
			package = 1A35997A2A68CD3C00AD0451 /* XCRemoteSwiftPackageReference "firebase-ios-sdk" */;
			productName = FirebaseStorage;
		};
		1A3599862A68F0F800AD0451 /* FirebaseFirestoreSwift */ = {
			isa = XCSwiftPackageProductDependency;
			package = 1A35997A2A68CD3C00AD0451 /* XCRemoteSwiftPackageReference "firebase-ios-sdk" */;
			productName = FirebaseFirestoreSwift;
		};
		1A3599892A68F27000AD0451 /* FirebaseFirestore */ = {
			isa = XCSwiftPackageProductDependency;
			package = 1A35997A2A68CD3C00AD0451 /* XCRemoteSwiftPackageReference "firebase-ios-sdk" */;
			productName = FirebaseFirestore;
		};
		1A35998B2A68F27000AD0451 /* FirebaseFirestoreCombine-Community */ = {
			isa = XCSwiftPackageProductDependency;
			package = 1A35997A2A68CD3C00AD0451 /* XCRemoteSwiftPackageReference "firebase-ios-sdk" */;
			productName = "FirebaseFirestoreCombine-Community";
		};
		1A35998D2A68F27000AD0451 /* FirebaseFirestoreSwift */ = {
			isa = XCSwiftPackageProductDependency;
			package = 1A35997A2A68CD3C00AD0451 /* XCRemoteSwiftPackageReference "firebase-ios-sdk" */;
			productName = FirebaseFirestoreSwift;
		};
		1ADDB1BC2A6888D0009355BF /* NavigationStack */ = {
			isa = XCSwiftPackageProductDependency;
			package = 1ADDB1BB2A6888D0009355BF /* XCRemoteSwiftPackageReference "swiftui-navigation-stack" */;
			productName = NavigationStack;
		};
/* End XCSwiftPackageProductDependency section */
	};
	rootObject = 1AD87DCD2A5C9F7F00E730A3 /* Project object */;
}
